
Microsoft Visual Studio Solution File, Format Version 12.00
# Visual Studio Version 17
VisualStudioVersion = 17.3.32901.215
MinimumVisualStudioVersion = 10.0.40219.1
Project("{9A19103F-16F7-4668-BE54-9A1E7A4F7556}") = "I0ZMN2_HFT_2021222.Client", "I0ZMN2_HFT_2021222.Client\I0ZMN2_HFT_2021222.Client.csproj", "{B38D9A1B-FE9D-427B-BA88-BB6235913F47}"
EndProject
Project("{9A19103F-16F7-4668-BE54-9A1E7A4F7556}") = "I0ZMN2_HFT_2021222.Models", "I0ZMN2_HFT_2021222.Models\I0ZMN2_HFT_2021222.Models.csproj", "{68C981E8-5B1F-4BCA-B092-1F548E34859E}"
EndProject
Project("{FAE04EC0-301F-11D3-BF4B-00C04F79EFBC}") = "I0ZMN2_HFT_2021222.Logic", "I0ZMN2_HFT_2021222.Logic\I0ZMN2_HFT_2021222.Logic.csproj", "{36B3E4AB-66A0-451E-86E3-DC4BB7B48E19}"
EndProject
Project("{FAE04EC0-301F-11D3-BF4B-00C04F79EFBC}") = "I0ZMN2_HFT_2021222.Repository", "I0ZMN2_HFT_2021222.Repository\I0ZMN2_HFT_2021222.Repository.csproj", "{40847221-2F60-4B82-A51E-1FEF2C955334}"
EndProject
Project("{FAE04EC0-301F-11D3-BF4B-00C04F79EFBC}") = "I0ZMN2_HFT_2021222.Endpoint", "I0ZMN2_HFT_2021222.Endpoint\I0ZMN2_HFT_2021222.Endpoint.csproj", "{38C0D4B9-E95B-494C-9839-50C127091907}"
EndProject
Project("{FAE04EC0-301F-11D3-BF4B-00C04F79EFBC}") = "I0ZMN2_HFT_2021222.Test", "I0ZMN2_HFT_2021222.Test\I0ZMN2_HFT_2021222.Test.csproj", "{35D35FFA-D438-44C4-B8D2-350D238B80BC}"
EndProject
Project("{2150E333-8FDC-42A3-9474-1A3956D46DE8}") = "Backend", "Backend", "{CDB83E89-6B92-478E-A0EB-BDC566C407A2}"
EndProject
Project("{2150E333-8FDC-42A3-9474-1A3956D46DE8}") = "Frontend", "Frontend", "{C31AE962-51D0-4B27-AD9C-5A6892FA1234}"
EndProject
Project("{2150E333-8FDC-42A3-9474-1A3956D46DE8}") = "Shared", "Shared", "{474B1DE6-9974-4911-A2D1-0439A1975F66}"
EndProject
Global
	GlobalSection(SolutionConfigurationPlatforms) = preSolution
		Debug|Any CPU = Debug|Any CPU
		Release|Any CPU = Release|Any CPU
	EndGlobalSection
	GlobalSection(ProjectConfigurationPlatforms) = postSolution
		{B38D9A1B-FE9D-427B-BA88-BB6235913F47}.Debug|Any CPU.ActiveCfg = Debug|Any CPU
		{B38D9A1B-FE9D-427B-BA88-BB6235913F47}.Debug|Any CPU.Build.0 = Debug|Any CPU
		{B38D9A1B-FE9D-427B-BA88-BB6235913F47}.Release|Any CPU.ActiveCfg = Release|Any CPU
		{B38D9A1B-FE9D-427B-BA88-BB6235913F47}.Release|Any CPU.Build.0 = Release|Any CPU
		{68C981E8-5B1F-4BCA-B092-1F548E34859E}.Debug|Any CPU.ActiveCfg = Debug|Any CPU
		{68C981E8-5B1F-4BCA-B092-1F548E34859E}.Debug|Any CPU.Build.0 = Debug|Any CPU
		{68C981E8-5B1F-4BCA-B092-1F548E34859E}.Release|Any CPU.ActiveCfg = Release|Any CPU
		{68C981E8-5B1F-4BCA-B092-1F548E34859E}.Release|Any CPU.Build.0 = Release|Any CPU
		{36B3E4AB-66A0-451E-86E3-DC4BB7B48E19}.Debug|Any CPU.ActiveCfg = Debug|Any CPU
		{36B3E4AB-66A0-451E-86E3-DC4BB7B48E19}.Debug|Any CPU.Build.0 = Debug|Any CPU
		{36B3E4AB-66A0-451E-86E3-DC4BB7B48E19}.Release|Any CPU.ActiveCfg = Release|Any CPU
		{36B3E4AB-66A0-451E-86E3-DC4BB7B48E19}.Release|Any CPU.Build.0 = Release|Any CPU
		{40847221-2F60-4B82-A51E-1FEF2C955334}.Debug|Any CPU.ActiveCfg = Debug|Any CPU
		{40847221-2F60-4B82-A51E-1FEF2C955334}.Debug|Any CPU.Build.0 = Debug|Any CPU
		{40847221-2F60-4B82-A51E-1FEF2C955334}.Release|Any CPU.ActiveCfg = Release|Any CPU
		{40847221-2F60-4B82-A51E-1FEF2C955334}.Release|Any CPU.Build.0 = Release|Any CPU
		{38C0D4B9-E95B-494C-9839-50C127091907}.Debug|Any CPU.ActiveCfg = Debug|Any CPU
		{38C0D4B9-E95B-494C-9839-50C127091907}.Debug|Any CPU.Build.0 = Debug|Any CPU
		{38C0D4B9-E95B-494C-9839-50C127091907}.Release|Any CPU.ActiveCfg = Release|Any CPU
		{38C0D4B9-E95B-494C-9839-50C127091907}.Release|Any CPU.Build.0 = Release|Any CPU
		{35D35FFA-D438-44C4-B8D2-350D238B80BC}.Debug|Any CPU.ActiveCfg = Debug|Any CPU
		{35D35FFA-D438-44C4-B8D2-350D238B80BC}.Debug|Any CPU.Build.0 = Debug|Any CPU
		{35D35FFA-D438-44C4-B8D2-350D238B80BC}.Release|Any CPU.ActiveCfg = Release|Any CPU
		{35D35FFA-D438-44C4-B8D2-350D238B80BC}.Release|Any CPU.Build.0 = Release|Any CPU
	EndGlobalSection
	GlobalSection(SolutionProperties) = preSolution
		HideSolutionNode = FALSE
	EndGlobalSection
	GlobalSection(NestedProjects) = preSolution
		{B38D9A1B-FE9D-427B-BA88-BB6235913F47} = {C31AE962-51D0-4B27-AD9C-5A6892FA1234}
		{68C981E8-5B1F-4BCA-B092-1F548E34859E} = {474B1DE6-9974-4911-A2D1-0439A1975F66}
		{36B3E4AB-66A0-451E-86E3-DC4BB7B48E19} = {CDB83E89-6B92-478E-A0EB-BDC566C407A2}
		{40847221-2F60-4B82-A51E-1FEF2C955334} = {CDB83E89-6B92-478E-A0EB-BDC566C407A2}
		{38C0D4B9-E95B-494C-9839-50C127091907} = {CDB83E89-6B92-478E-A0EB-BDC566C407A2}
		{35D35FFA-D438-44C4-B8D2-350D238B80BC} = {CDB83E89-6B92-478E-A0EB-BDC566C407A2}
	EndGlobalSection
	GlobalSection(ExtensibilityGlobals) = postSolution
		SolutionGuid = {EDF30ABD-E3B4-4788-8574-E6AC0E264ABB}
	EndGlobalSection
EndGlobal
