
Microsoft Visual Studio Solution File, Format Version 12.00
# Visual Studio Version 17
VisualStudioVersion = 17.3.32901.215
MinimumVisualStudioVersion = 10.0.40219.1
Project("{2150E333-8FDC-42A3-9474-1A3956D46DE8}") = "Backend", "Backend", "{CDB83E89-6B92-478E-A0EB-BDC566C407A2}"
EndProject
Project("{2150E333-8FDC-42A3-9474-1A3956D46DE8}") = "Frontend", "Frontend", "{C31AE962-51D0-4B27-AD9C-5A6892FA1234}"
EndProject
Project("{2150E333-8FDC-42A3-9474-1A3956D46DE8}") = "Shared", "Shared", "{474B1DE6-9974-4911-A2D1-0439A1975F66}"
EndProject
Project("{2150E333-8FDC-42A3-9474-1A3956D46DE8}") = "Others", "Others", "{B14FA50D-3647-4427-A238-3D55E34CF677}"
	ProjectSection(SolutionItems) = preProject
		.gitignore = .gitignore
	EndProjectSection
EndProject
Project("{9A19103F-16F7-4668-BE54-9A1E7A4F7556}") = "I0ZMN2_HFT_2022231.Endpoint", "I0ZMN2_HFT_2022231.Endpoint\I0ZMN2_HFT_2022231.Endpoint.csproj", "{2240CCEF-74E1-4AC0-BAB9-D2FEB4B96AB3}"
EndProject
Project("{9A19103F-16F7-4668-BE54-9A1E7A4F7556}") = "I0ZMN2_HFT_2022231.Logic", "I0ZMN2_HFT_2022231.Logic\I0ZMN2_HFT_2022231.Logic.csproj", "{9F960B4D-5DF2-40EA-95BA-13DACECF7312}"
EndProject
Project("{9A19103F-16F7-4668-BE54-9A1E7A4F7556}") = "I0ZMN2_HFT_2022231.Repository", "I0ZMN2_HFT_2022231.Repository\I0ZMN2_HFT_2022231.Repository.csproj", "{16A5F2E4-6247-4BE4-841B-4B0F6CD39350}"
EndProject
Project("{9A19103F-16F7-4668-BE54-9A1E7A4F7556}") = "I0ZMN2_HFT_2022231.Test", "I0ZMN2_HFT_2022231.Test\I0ZMN2_HFT_2022231.Test.csproj", "{D4E56677-27F3-4F55-A58A-38056AE85566}"
EndProject
Project("{9A19103F-16F7-4668-BE54-9A1E7A4F7556}") = "I0ZMN2_HFT_2022231.Client", "I0ZMN2_HFT_2022231.Client\I0ZMN2_HFT_2022231.Client.csproj", "{865DF8C5-3A08-428A-8E17-666401FFDED0}"
EndProject
Project("{9A19103F-16F7-4668-BE54-9A1E7A4F7556}") = "I0ZMN2_HFT_2022231.Models", "I0ZMN2_HFT_2022231.Models\I0ZMN2_HFT_2022231.Models.csproj", "{DADD3A2B-C1BF-4464-9C74-72BEE9F8D5F1}"
EndProject
Global
	GlobalSection(SolutionConfigurationPlatforms) = preSolution
		Debug|Any CPU = Debug|Any CPU
		Release|Any CPU = Release|Any CPU
	EndGlobalSection
	GlobalSection(ProjectConfigurationPlatforms) = postSolution
		{2240CCEF-74E1-4AC0-BAB9-D2FEB4B96AB3}.Debug|Any CPU.ActiveCfg = Debug|Any CPU
		{2240CCEF-74E1-4AC0-BAB9-D2FEB4B96AB3}.Debug|Any CPU.Build.0 = Debug|Any CPU
		{2240CCEF-74E1-4AC0-BAB9-D2FEB4B96AB3}.Release|Any CPU.ActiveCfg = Release|Any CPU
		{2240CCEF-74E1-4AC0-BAB9-D2FEB4B96AB3}.Release|Any CPU.Build.0 = Release|Any CPU
		{9F960B4D-5DF2-40EA-95BA-13DACECF7312}.Debug|Any CPU.ActiveCfg = Debug|Any CPU
		{9F960B4D-5DF2-40EA-95BA-13DACECF7312}.Debug|Any CPU.Build.0 = Debug|Any CPU
		{9F960B4D-5DF2-40EA-95BA-13DACECF7312}.Release|Any CPU.ActiveCfg = Release|Any CPU
		{9F960B4D-5DF2-40EA-95BA-13DACECF7312}.Release|Any CPU.Build.0 = Release|Any CPU
		{16A5F2E4-6247-4BE4-841B-4B0F6CD39350}.Debug|Any CPU.ActiveCfg = Debug|Any CPU
		{16A5F2E4-6247-4BE4-841B-4B0F6CD39350}.Debug|Any CPU.Build.0 = Debug|Any CPU
		{16A5F2E4-6247-4BE4-841B-4B0F6CD39350}.Release|Any CPU.ActiveCfg = Release|Any CPU
		{16A5F2E4-6247-4BE4-841B-4B0F6CD39350}.Release|Any CPU.Build.0 = Release|Any CPU
		{D4E56677-27F3-4F55-A58A-38056AE85566}.Debug|Any CPU.ActiveCfg = Debug|Any CPU
		{D4E56677-27F3-4F55-A58A-38056AE85566}.Debug|Any CPU.Build.0 = Debug|Any CPU
		{D4E56677-27F3-4F55-A58A-38056AE85566}.Release|Any CPU.ActiveCfg = Release|Any CPU
		{D4E56677-27F3-4F55-A58A-38056AE85566}.Release|Any CPU.Build.0 = Release|Any CPU
		{865DF8C5-3A08-428A-8E17-666401FFDED0}.Debug|Any CPU.ActiveCfg = Debug|Any CPU
		{865DF8C5-3A08-428A-8E17-666401FFDED0}.Debug|Any CPU.Build.0 = Debug|Any CPU
		{865DF8C5-3A08-428A-8E17-666401FFDED0}.Release|Any CPU.ActiveCfg = Release|Any CPU
		{865DF8C5-3A08-428A-8E17-666401FFDED0}.Release|Any CPU.Build.0 = Release|Any CPU
		{DADD3A2B-C1BF-4464-9C74-72BEE9F8D5F1}.Debug|Any CPU.ActiveCfg = Debug|Any CPU
		{DADD3A2B-C1BF-4464-9C74-72BEE9F8D5F1}.Debug|Any CPU.Build.0 = Debug|Any CPU
		{DADD3A2B-C1BF-4464-9C74-72BEE9F8D5F1}.Release|Any CPU.ActiveCfg = Release|Any CPU
		{DADD3A2B-C1BF-4464-9C74-72BEE9F8D5F1}.Release|Any CPU.Build.0 = Release|Any CPU
	EndGlobalSection
	GlobalSection(SolutionProperties) = preSolution
		HideSolutionNode = FALSE
	EndGlobalSection
	GlobalSection(NestedProjects) = preSolution
		{2240CCEF-74E1-4AC0-BAB9-D2FEB4B96AB3} = {CDB83E89-6B92-478E-A0EB-BDC566C407A2}
		{9F960B4D-5DF2-40EA-95BA-13DACECF7312} = {CDB83E89-6B92-478E-A0EB-BDC566C407A2}
		{16A5F2E4-6247-4BE4-841B-4B0F6CD39350} = {CDB83E89-6B92-478E-A0EB-BDC566C407A2}
		{D4E56677-27F3-4F55-A58A-38056AE85566} = {CDB83E89-6B92-478E-A0EB-BDC566C407A2}
		{865DF8C5-3A08-428A-8E17-666401FFDED0} = {C31AE962-51D0-4B27-AD9C-5A6892FA1234}
		{DADD3A2B-C1BF-4464-9C74-72BEE9F8D5F1} = {474B1DE6-9974-4911-A2D1-0439A1975F66}
	EndGlobalSection
	GlobalSection(ExtensibilityGlobals) = postSolution
		SolutionGuid = {EDF30ABD-E3B4-4788-8574-E6AC0E264ABB}
	EndGlobalSection
EndGlobal
